
Microsoft Visual Studio Solution File, Format Version 12.00
# Visual Studio Version 16
VisualStudioVersion = 16.0.29709.97
MinimumVisualStudioVersion = 10.0.40219.1
Project("{9A19103F-16F7-4668-BE54-9A1E7A4F7556}") = "SudokuTests", "SudokuTests\SudokuTests.csproj", "{09E8FA8B-D6BF-47FD-A106-736176A4E763}"
	ProjectSection(ProjectDependencies) = postProject
		{98BF785B-B3AF-4246-BE3B-842FEEDE90A9} = {98BF785B-B3AF-4246-BE3B-842FEEDE90A9}
	EndProjectSection
EndProject
Project("{FAE04EC0-301F-11D3-BF4B-00C04F79EFBC}") = "Sudoku", "Sudoku\Sudoku.csproj", "{98BF785B-B3AF-4246-BE3B-842FEEDE90A9}"
EndProject
Global
	GlobalSection(SolutionConfigurationPlatforms) = preSolution
		Debug|Any CPU = Debug|Any CPU
		Release|Any CPU = Release|Any CPU
	EndGlobalSection
	GlobalSection(ProjectConfigurationPlatforms) = postSolution
		{09E8FA8B-D6BF-47FD-A106-736176A4E763}.Debug|Any CPU.ActiveCfg = Debug|Any CPU
		{09E8FA8B-D6BF-47FD-A106-736176A4E763}.Debug|Any CPU.Build.0 = Debug|Any CPU
		{09E8FA8B-D6BF-47FD-A106-736176A4E763}.Release|Any CPU.ActiveCfg = Release|Any CPU
		{09E8FA8B-D6BF-47FD-A106-736176A4E763}.Release|Any CPU.Build.0 = Release|Any CPU
		{98BF785B-B3AF-4246-BE3B-842FEEDE90A9}.Debug|Any CPU.ActiveCfg = Debug|Any CPU
		{98BF785B-B3AF-4246-BE3B-842FEEDE90A9}.Debug|Any CPU.Build.0 = Debug|Any CPU
		{98BF785B-B3AF-4246-BE3B-842FEEDE90A9}.Release|Any CPU.ActiveCfg = Release|Any CPU
		{98BF785B-B3AF-4246-BE3B-842FEEDE90A9}.Release|Any CPU.Build.0 = Release|Any CPU
	EndGlobalSection
	GlobalSection(SolutionProperties) = preSolution
		HideSolutionNode = FALSE
	EndGlobalSection
	GlobalSection(ExtensibilityGlobals) = postSolution
		SolutionGuid = {497AD87B-8BC4-47BE-9E76-A39F258D5360}
	EndGlobalSection
EndGlobal
